Microsoft Visual Studio Solution File, Format Version 8.00
Project("{8BC9CEB8-8B4A-11D0-8D11-00A0C91BC942}") = "genreg", "genreg.vcproj", "{FA64812A-E4D6-4629-A479-4D4708FB7520}"
	ProjectSection(ProjectDependencies) = postProject
	EndProjectSection
EndProject
Global
	GlobalSection(SolutionConfiguration) = preSolution
		Debug = Debug
		Release = Release
	EndGlobalSection
	GlobalSection(ProjectConfiguration) = postSolution
		{FA64812A-E4D6-4629-A479-4D4708FB7520}.Debug.ActiveCfg = Debug|Win32
		{FA64812A-E4D6-4629-A479-4D4708FB7520}.Debug.Build.0 = Debug|Win32
		{FA64812A-E4D6-4629-A479-4D4708FB7520}.Release.ActiveCfg = Release|Win32
		{FA64812A-E4D6-4629-A479-4D4708FB7520}.Release.Build.0 = Release|Win32
	EndGlobalSection
	GlobalSection(ExtensibilityGlobals) = postSolution
	EndGlobalSection
	GlobalSection(ExtensibilityAddIns) = postSolution
	EndGlobalSection
EndGlobal
